<?xml version="1.0" encoding="utf-8"?>
<Project ToolsVersion="4.0" xmlns="http://schemas.microsoft.com/developer/msbuild/2003">
  <ItemGroup>
    <Filter Include="Source Files">
      <UniqueIdentifier>{4FC737F1-C7A5-4376-A066-2A32D752A2FF}</UniqueIdentifier>
      <Extensions>cpp;c;cc;cxx;c++;cppm;ixx;def;odl;idl;hpj;bat;asm;asmx</Extensions>
    </Filter>
    <Filter Include="Header Files">
      <UniqueIdentifier>{93995380-89BD-4b04-88EB-625FBE52EBFB}</UniqueIdentifier>
      <Extensions>h;hh;hpp;hxx;h++;hm;inl;inc;ipp;xsd</Extensions>
    </Filter>
    <Filter Include="Resource Files">
      <UniqueIdentifier>{67DA6AB6-F800-4c08-8B7A-83BB121AAD01}</UniqueIdentifier>
      <Extensions>rc;ico;cur;bmp;dlg;rc2;rct;bin;rgs;gif;jpg;jpeg;jpe;resx;tiff;tif;png;wav;mfcribbon-ms</Extensions>
    </Filter>
    <Filter Include="Header Files\subjects">
      <UniqueIdentifier>{67a12611-ecfc-43db-b8fc-a06687c0bd49}</UniqueIdentifier>
    </Filter>
    <Filter Include="Header Files\assemblers">
      <UniqueIdentifier>{4f669c6f-b279-4a2a-bfb9-335ef2512179}</UniqueIdentifier>
    </Filter>
    <Filter Include="Header Files\items">
      <UniqueIdentifier>{75b62496-d83d-466c-a117-5ebad95d459e}</UniqueIdentifier>
    </Filter>
    <Filter Include="Resource Files\items">
      <UniqueIdentifier>{6a97437c-fd58-4ca1-88bf-d23315fa4da3}</UniqueIdentifier>
    </Filter>
  </ItemGroup>
  <ItemGroup>
    <ClInclude Include="framework.h">
      <Filter>Header Files</Filter>
    </ClInclude>
    <ClInclude Include="pch.h">
      <Filter>Header Files</Filter>
    </ClInclude>
    <ClInclude Include="shifts.h">
      <Filter>Header Files\subjects</Filter>
    </ClInclude>
    <ClInclude Include="states.h">
      <Filter>Header Files\subjects</Filter>
    </ClInclude>
    <ClInclude Include="stateflow.h">
      <Filter>Header Files\subjects</Filter>
    </ClInclude>
    <ClInclude Include="assembler.h">
      <Filter>Header Files\assemblers</Filter>
    </ClInclude>
    <ClInclude Include="deployment.h">
      <Filter>Header Files\items</Filter>
    </ClInclude>
  </ItemGroup>
  <ItemGroup>
    <ClCompile Include="dllmain.cpp">
      <Filter>Source Files</Filter>
    </ClCompile>
    <ClCompile Include="pch.cpp">
      <Filter>Source Files</Filter>
    </ClCompile>
    <ClCompile Include="stateflow.cpp">
      <Filter>Resource Files</Filter>
    </ClCompile>
    <ClCompile Include="deployment.cpp">
      <Filter>Resource Files\items</Filter>
    </ClCompile>
  </ItemGroup>
</Project>